
Microsoft Visual Studio Solution File, Format Version 12.00
# Visual Studio Version 17
VisualStudioVersion = 17.8.34511.84
MinimumVisualStudioVersion = 10.0.40219.1
Project("{9A19103F-16F7-4668-BE54-9A1E7A4F7556}") = "WeatherWPF.View", "WeatherWPF.View\WeatherWPF.View.csproj", "{C3EA124C-7277-4AB4-A0AF-2C6288287343}"
EndProject
Project("{9A19103F-16F7-4668-BE54-9A1E7A4F7556}") = "WeatherWPF.Model", "WeatherWPF.Model\WeatherWPF.Model.csproj", "{B2F5DEAD-E698-40BD-A09D-000286B60821}"
EndProject
Project("{9A19103F-16F7-4668-BE54-9A1E7A4F7556}") = "WeatherWPF.ViewModel", "WeatherWPF.ViewModel\WeatherWPF.ViewModel.csproj", "{B9E0B433-A492-41F3-8A1D-BD51C2FB1A9C}"
EndProject
Global
	GlobalSection(SolutionConfigurationPlatforms) = preSolution
		Debug|Any CPU = Debug|Any CPU
		Release|Any CPU = Release|Any CPU
	EndGlobalSection
	GlobalSection(ProjectConfigurationPlatforms) = postSolution
		{C3EA124C-7277-4AB4-A0AF-2C6288287343}.Debug|Any CPU.ActiveCfg = Debug|Any CPU
		{C3EA124C-7277-4AB4-A0AF-2C6288287343}.Debug|Any CPU.Build.0 = Debug|Any CPU
		{C3EA124C-7277-4AB4-A0AF-2C6288287343}.Release|Any CPU.ActiveCfg = Release|Any CPU
		{C3EA124C-7277-4AB4-A0AF-2C6288287343}.Release|Any CPU.Build.0 = Release|Any CPU
		{B2F5DEAD-E698-40BD-A09D-000286B60821}.Debug|Any CPU.ActiveCfg = Debug|Any CPU
		{B2F5DEAD-E698-40BD-A09D-000286B60821}.Debug|Any CPU.Build.0 = Debug|Any CPU
		{B2F5DEAD-E698-40BD-A09D-000286B60821}.Release|Any CPU.ActiveCfg = Release|Any CPU
		{B2F5DEAD-E698-40BD-A09D-000286B60821}.Release|Any CPU.Build.0 = Release|Any CPU
		{B9E0B433-A492-41F3-8A1D-BD51C2FB1A9C}.Debug|Any CPU.ActiveCfg = Debug|Any CPU
		{B9E0B433-A492-41F3-8A1D-BD51C2FB1A9C}.Debug|Any CPU.Build.0 = Debug|Any CPU
		{B9E0B433-A492-41F3-8A1D-BD51C2FB1A9C}.Release|Any CPU.ActiveCfg = Release|Any CPU
		{B9E0B433-A492-41F3-8A1D-BD51C2FB1A9C}.Release|Any CPU.Build.0 = Release|Any CPU
	EndGlobalSection
	GlobalSection(SolutionProperties) = preSolution
		HideSolutionNode = FALSE
	EndGlobalSection
	GlobalSection(ExtensibilityGlobals) = postSolution
		SolutionGuid = {6C86C64F-9D11-43F9-AB95-4DD26830DFBB}
	EndGlobalSection
EndGlobal
